
Microsoft Visual Studio Solution File, Format Version 12.00
# Visual Studio Version 17
VisualStudioVersion = 17.11.35312.102
MinimumVisualStudioVersion = 10.0.40219.1
Project("{FAE04EC0-301F-11D3-BF4B-00C04F79EFBC}") = "NameSorter", "NameSorter.csproj", "{47DE0D3B-3E0B-4DEB-A140-5F8D9C2946AA}"
EndProject
Global
	GlobalSection(SolutionConfigurationPlatforms) = preSolution
		Debug|Any CPU = Debug|Any CPU
		Release|Any CPU = Release|Any CPU
	EndGlobalSection
	GlobalSection(ProjectConfigurationPlatforms) = postSolution
		{47DE0D3B-3E0B-4DEB-A140-5F8D9C2946AA}.Debug|Any CPU.ActiveCfg = Debug|Any CPU
		{47DE0D3B-3E0B-4DEB-A140-5F8D9C2946AA}.Debug|Any CPU.Build.0 = Debug|Any CPU
		{47DE0D3B-3E0B-4DEB-A140-5F8D9C2946AA}.Release|Any CPU.ActiveCfg = Release|Any CPU
		{47DE0D3B-3E0B-4DEB-A140-5F8D9C2946AA}.Release|Any CPU.Build.0 = Release|Any CPU
	EndGlobalSection
	GlobalSection(SolutionProperties) = preSolution
		HideSolutionNode = FALSE
	EndGlobalSection
	GlobalSection(ExtensibilityGlobals) = postSolution
		SolutionGuid = {9DD35A65-3255-4EAE-862D-00AC8B18DAB3}
	EndGlobalSection
EndGlobal
